SITE
   remote: https://supermarket.getchef.com/api/v1
   specs:
     apparmor (3.1.0)
     apt (7.4.0)
     ark (6.0.2)
       seven_zip (>= 3.1)
     brightbox-ruby (1.2.2)
       apt (>= 0.0.0)
     chocolatey (3.0.0)
     exim4-light (0.1.3)
     hostname (0.4.2)
       hostsfile (>= 0.0.0)
     hostsfile (3.0.1)
     iptables (8.0.0)
     logrotate (3.0.3)
     mysql (10.1.3)
       apparmor (>= 0.0.0)
     nodejs (7.3.2)
       ark (>= 2.0.2)
       chocolatey (>= 3.0)
     openssh (2.9.1)
       iptables (>= 7.0)
     openssl (8.5.5)
     php-fpm (0.8.0)
     seven_zip (4.2.1)
     ssh_known_hosts (7.0.0)
     sudo (5.4.6)
     timezone_lwrp (0.2.2)

 DEPENDENCIES
   apt (>= 0)
   brightbox-ruby (>= 0)
   exim4-light (>= 0)
   hostname (>= 0)
   logrotate (>= 0)
   mysql (>= 0)
   nodejs (>= 0)
   openssh (>= 0)
   openssl (>= 0)
   php-fpm (>= 0)
   ssh_known_hosts (>= 0)
   sudo (>= 0)
   timezone_lwrp (>= 0)

