SITE
  remote: https://supermarket.getchef.com/api/v1
  specs:
    7-zip (1.0.2)
      windows (>= 1.2.2)
    apt (2.7.0)
    ark (0.9.0)
      7-zip (>= 0.0.0)
      windows (>= 0.0.0)
    brightbox-ruby (1.2.1)
      apt (>= 0.0.0)
    build-essential (2.2.3)
    chef_handler (1.1.6)
    homebrew (1.12.0)
      build-essential (>= 2.1.2)
    mysql (6.0.22)
      smf (>= 0.0.0)
      yum-mysql-community (>= 0.0.0)
    nodejs (2.4.0)
      apt (>= 0.0.0)
      ark (>= 0.0.0)
      build-essential (>= 0.0.0)
      homebrew (>= 0.0.0)
      yum-epel (>= 0.0.0)
    partial_search (1.0.8)
    rbac (1.0.3)
    smf (2.2.6)
      rbac (>= 1.0.1)
    ssh_known_hosts (2.0.0)
      partial_search (>= 0.0.0)
    sudo (2.7.1)
    windows (1.36.6)
      chef_handler (>= 0.0.0)
    yum (3.6.0)
    yum-epel (0.6.0)
      yum (~> 3.0)
    yum-mysql-community (0.1.17)
      yum (>= 3.0)

DEPENDENCIES
  apt (>= 0)
  brightbox-ruby (>= 0)
  mysql (>= 0)
  nodejs (>= 0)
  ssh_known_hosts (>= 0)
  sudo (>= 0)
